{
  "name": "resume-dsb",
  "lockfileVersion": 3,
  "requires": true,
  "packages": {
    "": {
      "dependencies": {
        "chroma-js": "^3.1.2"
      }
    },
    "node_modules/chroma-js": {
      "version": "3.1.2",
      "resolved": "https://registry.npmjs.org/chroma-js/-/chroma-js-3.1.2.tgz",
      "integrity": "sha512-IJnETTalXbsLx1eKEgx19d5L6SRM7cH4vINw/99p/M11HCuXGRWL+6YmCm7FWFGIo6dtWuQoQi1dc5yQ7ESIHg==",
      "license": "(BSD-3-Clause AND Apache-2.0)"
    }
  }
}
